
Microsoft Visual Studio Solution File, Format Version 12.00
# Visual Studio Version 16
VisualStudioVersion = 16.0.33328.57
MinimumVisualStudioVersion = 10.0.40219.1
Project("{FAE04EC0-301F-11D3-BF4B-00C04F79EFBC}") = "HeThongQuanLyTiemChung", "HeThongQuanLyTiemChung\HeThongQuanLyTiemChung.csproj", "{D5B4719B-CEAF-4A96-A130-A76DF70BC846}"
EndProject
Global
	GlobalSection(SolutionConfigurationPlatforms) = preSolution
		Debug|Any CPU = Debug|Any CPU
		Release|Any CPU = Release|Any CPU
	EndGlobalSection
	GlobalSection(ProjectConfigurationPlatforms) = postSolution
		{D5B4719B-CEAF-4A96-A130-A76DF70BC846}.Debug|Any CPU.ActiveCfg = Debug|Any CPU
		{D5B4719B-CEAF-4A96-A130-A76DF70BC846}.Debug|Any CPU.Build.0 = Debug|Any CPU
		{D5B4719B-CEAF-4A96-A130-A76DF70BC846}.Release|Any CPU.ActiveCfg = Release|Any CPU
		{D5B4719B-CEAF-4A96-A130-A76DF70BC846}.Release|Any CPU.Build.0 = Release|Any CPU
	EndGlobalSection
	GlobalSection(SolutionProperties) = preSolution
		HideSolutionNode = FALSE
	EndGlobalSection
	GlobalSection(ExtensibilityGlobals) = postSolution
		SolutionGuid = {B8B49ED7-29B6-4E49-8F6C-6C9224E68C85}
	EndGlobalSection
EndGlobal
